// !$*UTF8*$!
{
	archiveVersion = 1;
	classes = {
	};
	objectVersion = 51;
	objects = {

/* Begin PBXBuildFile section */
		174429EC2582EF450040F0C2 /* AppDelegate.swift in Sources */ = {isa = PBXBuildFile; fileRef = 174429EB2582EF450040F0C2 /* AppDelegate.swift */; };
		174429EE2582EF450040F0C2 /* SceneDelegate.swift in Sources */ = {isa = PBXBuildFile; fileRef = 174429ED2582EF450040F0C2 /* SceneDelegate.swift */; };
		174429F02582EF450040F0C2 /* MainViewController.swift in Sources */ = {isa = PBXBuildFile; fileRef = 174429EF2582EF450040F0C2 /* MainViewController.swift */; };
		174429F52582EF450040F0C2 /* Assets.xcassets in Resources */ = {isa = PBXBuildFile; fileRef = 174429F42582EF450040F0C2 /* Assets.xcassets */; };
		174429F82582EF450040F0C2 /* LaunchScreen.storyboard in Resources */ = {isa = PBXBuildFile; fileRef = 174429F62582EF450040F0C2 /* LaunchScreen.storyboard */; };
		176299652582F3FE00255C6F /* Config.swift in Sources */ = {isa = PBXBuildFile; fileRef = 176299642582F3FE00255C6F /* Config.swift */; };
		176299692582F4DF00255C6F /* ViewCode.swift in Sources */ = {isa = PBXBuildFile; fileRef = 176299682582F4DF00255C6F /* ViewCode.swift */; };
		176299732582F70400255C6F /* MainView.swift in Sources */ = {isa = PBXBuildFile; fileRef = 176299722582F70400255C6F /* MainView.swift */; };
		739D4BC1E82D7A42589BE9AB /* Pods_WinePairing.framework in Frameworks */ = {isa = PBXBuildFile; fileRef = 865E050B2CC28A37B57475C0 /* Pods_WinePairing.framework */; };
/* End PBXBuildFile section */

/* Begin PBXFileReference section */
		174429E82582EF450040F0C2 /* WinePairing.app */ = {isa = PBXFileReference; explicitFileType = wrapper.application; includeInIndex = 0; path = WinePairing.app; sourceTree = BUILT_PRODUCTS_DIR; };
		174429EB2582EF450040F0C2 /* AppDelegate.swift */ = {isa = PBXFileReference; lastKnownFileType = sourcecode.swift; path = AppDelegate.swift; sourceTree = "<group>"; };
		174429ED2582EF450040F0C2 /* SceneDelegate.swift */ = {isa = PBXFileReference; lastKnownFileType = sourcecode.swift; path = SceneDelegate.swift; sourceTree = "<group>"; };
		174429EF2582EF450040F0C2 /* MainViewController.swift */ = {isa = PBXFileReference; lastKnownFileType = sourcecode.swift; path = MainViewController.swift; sourceTree = "<group>"; };
		174429F42582EF450040F0C2 /* Assets.xcassets */ = {isa = PBXFileReference; lastKnownFileType = folder.assetcatalog; path = Assets.xcassets; sourceTree = "<group>"; };
		174429F72582EF450040F0C2 /* Base */ = {isa = PBXFileReference; lastKnownFileType = file.storyboard; name = Base; path = Base.lproj/LaunchScreen.storyboard; sourceTree = "<group>"; };
		174429F92582EF450040F0C2 /* Info.plist */ = {isa = PBXFileReference; lastKnownFileType = text.plist.xml; path = Info.plist; sourceTree = "<group>"; };
		176299642582F3FE00255C6F /* Config.swift */ = {isa = PBXFileReference; lastKnownFileType = sourcecode.swift; path = Config.swift; sourceTree = "<group>"; };
		176299682582F4DF00255C6F /* ViewCode.swift */ = {isa = PBXFileReference; lastKnownFileType = sourcecode.swift; path = ViewCode.swift; sourceTree = "<group>"; };
		176299722582F70400255C6F /* MainView.swift */ = {isa = PBXFileReference; lastKnownFileType = sourcecode.swift; path = MainView.swift; sourceTree = "<group>"; };
		865E050B2CC28A37B57475C0 /* Pods_WinePairing.framework */ = {isa = PBXFileReference; explicitFileType = wrapper.framework; includeInIndex = 0; path = Pods_WinePairing.framework; sourceTree = BUILT_PRODUCTS_DIR; };
		90D842F0B9D6EC617849CF18 /* Pods-WinePairing.release.xcconfig */ = {isa = PBXFileReference; includeInIndex = 1; lastKnownFileType = text.xcconfig; name = "Pods-WinePairing.release.xcconfig"; path = "Target Support Files/Pods-WinePairing/Pods-WinePairing.release.xcconfig"; sourceTree = "<group>"; };
		F67EDC22CB8DC81D30BBDC6C /* Pods-WinePairing.debug.xcconfig */ = {isa = PBXFileReference; includeInIndex = 1; lastKnownFileType = text.xcconfig; name = "Pods-WinePairing.debug.xcconfig"; path = "Target Support Files/Pods-WinePairing/Pods-WinePairing.debug.xcconfig"; sourceTree = "<group>"; };
/* End PBXFileReference section */

/* Begin PBXFrameworksBuildPhase section */
		174429E52582EF450040F0C2 /* Frameworks */ = {
			isa = PBXFrameworksBuildPhase;
			buildActionMask = 2147483647;
			files = (
				739D4BC1E82D7A42589BE9AB /* Pods_WinePairing.framework in Frameworks */,
			);
			runOnlyForDeploymentPostprocessing = 0;
		};
/* End PBXFrameworksBuildPhase section */

/* Begin PBXGroup section */
		174429DF2582EF450040F0C2 = {
			isa = PBXGroup;
			children = (
				174429EA2582EF450040F0C2 /* WinePairing */,
				174429E92582EF450040F0C2 /* Products */,
				65CAB746DD072DC0EC302843 /* Pods */,
				FD95843DFF1A3AE9AD0E6ABE /* Frameworks */,
			);
			sourceTree = "<group>";
		};
		174429E92582EF450040F0C2 /* Products */ = {
			isa = PBXGroup;
			children = (
				174429E82582EF450040F0C2 /* WinePairing.app */,
			);
			name = Products;
			sourceTree = "<group>";
		};
		174429EA2582EF450040F0C2 /* WinePairing */ = {
			isa = PBXGroup;
			children = (
				176299702582F6E100255C6F /* Application */,
				176299672582F4B900255C6F /* Common */,
				1762996D2582F69300255C6F /* Components */,
				174429F62582EF450040F0C2 /* LaunchScreen.storyboard */,
				176299612582F2B300255C6F /* Support Files */,
			);
			path = WinePairing;
			sourceTree = "<group>";
		};
		176299612582F2B300255C6F /* Support Files */ = {
			isa = PBXGroup;
			children = (
				174429F92582EF450040F0C2 /* Info.plist */,
				176299642582F3FE00255C6F /* Config.swift */,
				174429F42582EF450040F0C2 /* Assets.xcassets */,
			);
			path = "Support Files";
			sourceTree = "<group>";
		};
		176299672582F4B900255C6F /* Common */ = {
			isa = PBXGroup;
			children = (
				176299682582F4DF00255C6F /* ViewCode.swift */,
			);
			path = Common;
			sourceTree = "<group>";
		};
		1762996D2582F69300255C6F /* Components */ = {
			isa = PBXGroup;
			children = (
				1762996E2582F6A000255C6F /* MainScreen */,
			);
			path = Components;
			sourceTree = "<group>";
		};
		1762996E2582F6A000255C6F /* MainScreen */ = {
			isa = PBXGroup;
			children = (
				1762996F2582F6B000255C6F /* View */,
			);
			path = MainScreen;
			sourceTree = "<group>";
		};
		1762996F2582F6B000255C6F /* View */ = {
			isa = PBXGroup;
			children = (
				176299722582F70400255C6F /* MainView.swift */,
				174429EF2582EF450040F0C2 /* MainViewController.swift */,
			);
			path = View;
			sourceTree = "<group>";
		};
		176299702582F6E100255C6F /* Application */ = {
			isa = PBXGroup;
			children = (
				174429EB2582EF450040F0C2 /* AppDelegate.swift */,
				174429ED2582EF450040F0C2 /* SceneDelegate.swift */,
			);
			path = Application;
			sourceTree = "<group>";
		};
		65CAB746DD072DC0EC302843 /* Pods */ = {
			isa = PBXGroup;
			children = (
				F67EDC22CB8DC81D30BBDC6C /* Pods-WinePairing.debug.xcconfig */,
				90D842F0B9D6EC617849CF18 /* Pods-WinePairing.release.xcconfig */,
			);
			path = Pods;
			sourceTree = "<group>";
		};
		FD95843DFF1A3AE9AD0E6ABE /* Frameworks */ = {
			isa = PBXGroup;
			children = (
				865E050B2CC28A37B57475C0 /* Pods_WinePairing.framework */,
			);
			name = Frameworks;
			sourceTree = "<group>";
		};
/* End PBXGroup section */

/* Begin PBXNativeTarget section */
		174429E72582EF450040F0C2 /* WinePairing */ = {
			isa = PBXNativeTarget;
			buildConfigurationList = 174429FC2582EF450040F0C2 /* Build configuration list for PBXNativeTarget "WinePairing" */;
			buildPhases = (
				6E2C9E60E50FF1F0FD1DB947 /* [CP] Check Pods Manifest.lock */,
				174429E42582EF450040F0C2 /* Sources */,
				174429E52582EF450040F0C2 /* Frameworks */,
				174429E62582EF450040F0C2 /* Resources */,
				17442A042582EFBC0040F0C2 /* SwiftLint */,
				3D93172C305D640544164BC5 /* [CP] Embed Pods Frameworks */,
			);
			buildRules = (
			);
			dependencies = (
			);
			name = WinePairing;
			productName = WinePairing;
			productReference = 174429E82582EF450040F0C2 /* WinePairing.app */;
			productType = "com.apple.product-type.application";
		};
/* End PBXNativeTarget section */

/* Begin PBXProject section */
		174429E02582EF450040F0C2 /* Project object */ = {
			isa = PBXProject;
			attributes = {
				LastSwiftUpdateCheck = 1220;
				LastUpgradeCheck = 1220;
				TargetAttributes = {
					174429E72582EF450040F0C2 = {
						CreatedOnToolsVersion = 12.2;
					};
				};
			};
			buildConfigurationList = 174429E32582EF450040F0C2 /* Build configuration list for PBXProject "WinePairing" */;
			compatibilityVersion = "Xcode 9.3";
			developmentRegion = en;
			hasScannedForEncodings = 0;
			knownRegions = (
				en,
				Base,
			);
			mainGroup = 174429DF2582EF450040F0C2;
			productRefGroup = 174429E92582EF450040F0C2 /* Products */;
			projectDirPath = "";
			projectRoot = "";
			targets = (
				174429E72582EF450040F0C2 /* WinePairing */,
			);
		};
/* End PBXProject section */

/* Begin PBXResourcesBuildPhase section */
		174429E62582EF450040F0C2 /* Resources */ = {
			isa = PBXResourcesBuildPhase;
			buildActionMask = 2147483647;
			files = (
				174429F82582EF450040F0C2 /* LaunchScreen.storyboard in Resources */,
				174429F52582EF450040F0C2 /* Assets.xcassets in Resources */,
			);
			runOnlyForDeploymentPostprocessing = 0;
		};
/* End PBXResourcesBuildPhase section */

/* Begin PBXShellScriptBuildPhase section */
		17442A042582EFBC0040F0C2 /* SwiftLint */ = {
			isa = PBXShellScriptBuildPhase;
			buildActionMask = 2147483647;
			files = (
			);
			inputFileListPaths = (
			);
			inputPaths = (
			);
			name = SwiftLint;
			outputFileListPaths = (
			);
			outputPaths = (
			);
			runOnlyForDeploymentPostprocessing = 0;
			shellPath = /bin/sh;
			shellScript = "\"${PODS_ROOT}/SwiftLint/swiftlint\"\n";
		};
		3D93172C305D640544164BC5 /* [CP] Embed Pods Frameworks */ = {
			isa = PBXShellScriptBuildPhase;
			buildActionMask = 2147483647;
			files = (
			);
			inputFileListPaths = (
				"${PODS_ROOT}/Target Support Files/Pods-WinePairing/Pods-WinePairing-frameworks-${CONFIGURATION}-input-files.xcfilelist",
			);
			name = "[CP] Embed Pods Frameworks";
			outputFileListPaths = (
				"${PODS_ROOT}/Target Support Files/Pods-WinePairing/Pods-WinePairing-frameworks-${CONFIGURATION}-output-files.xcfilelist",
			);
			runOnlyForDeploymentPostprocessing = 0;
			shellPath = /bin/sh;
			shellScript = "\"${PODS_ROOT}/Target Support Files/Pods-WinePairing/Pods-WinePairing-frameworks.sh\"\n";
			showEnvVarsInLog = 0;
		};
		6E2C9E60E50FF1F0FD1DB947 /* [CP] Check Pods Manifest.lock */ = {
			isa = PBXShellScriptBuildPhase;
			buildActionMask = 2147483647;
			files = (
			);
			inputFileListPaths = (
			);
			inputPaths = (
				"${PODS_PODFILE_DIR_PATH}/Podfile.lock",
				"${PODS_ROOT}/Manifest.lock",
			);
			name = "[CP] Check Pods Manifest.lock";
			outputFileListPaths = (
			);
			outputPaths = (
				"$(DERIVED_FILE_DIR)/Pods-WinePairing-checkManifestLockResult.txt",
			);
			runOnlyForDeploymentPostprocessing = 0;
			shellPath = /bin/sh;
			shellScript = "diff \"${PODS_PODFILE_DIR_PATH}/Podfile.lock\" \"${PODS_ROOT}/Manifest.lock\" > /dev/null\nif [ $? != 0 ] ; then\n    # print error to STDERR\n    echo \"error: The sandbox is not in sync with the Podfile.lock. Run 'pod install' or update your CocoaPods installation.\" >&2\n    exit 1\nfi\n# This output is used by Xcode 'outputs' to avoid re-running this script phase.\necho \"SUCCESS\" > \"${SCRIPT_OUTPUT_FILE_0}\"\n";
			showEnvVarsInLog = 0;
		};
/* End PBXShellScriptBuildPhase section */

/* Begin PBXSourcesBuildPhase section */
		174429E42582EF450040F0C2 /* Sources */ = {
			isa = PBXSourcesBuildPhase;
			buildActionMask = 2147483647;
			files = (
				174429F02582EF450040F0C2 /* MainViewController.swift in Sources */,
				176299732582F70400255C6F /* MainView.swift in Sources */,
				176299692582F4DF00255C6F /* ViewCode.swift in Sources */,
				176299652582F3FE00255C6F /* Config.swift in Sources */,
				174429EC2582EF450040F0C2 /* AppDelegate.swift in Sources */,
				174429EE2582EF450040F0C2 /* SceneDelegate.swift in Sources */,
			);
			runOnlyForDeploymentPostprocessing = 0;
		};
/* End PBXSourcesBuildPhase section */

/* Begin PBXVariantGroup section */
		174429F62582EF450040F0C2 /* LaunchScreen.storyboard */ = {
			isa = PBXVariantGroup;
			children = (
				174429F72582EF450040F0C2 /* Base */,
			);
			name = LaunchScreen.storyboard;
			sourceTree = "<group>";
		};
/* End PBXVariantGroup section */

/* Begin XCBuildConfiguration section */
		174429FA2582EF450040F0C2 /* Debug */ = {
			isa = XCBuildConfiguration;
			buildSettings = {
				ALWAYS_SEARCH_USER_PATHS = NO;
				CLANG_ANALYZER_NONNULL = YES;
				CLANG_ANALYZER_NUMBER_OBJECT_CONVERSION = YES_AGGRESSIVE;
				CLANG_CXX_LANGUAGE_STANDARD = "gnu++14";
				CLANG_CXX_LIBRARY = "libc++";
				CLANG_ENABLE_MODULES = YES;
				CLANG_ENABLE_OBJC_ARC = YES;
				CLANG_ENABLE_OBJC_WEAK = YES;
				CLANG_WARN_BLOCK_CAPTURE_AUTORELEASING = YES;
				CLANG_WARN_BOOL_CONVERSION = YES;
				CLANG_WARN_COMMA = YES;
				CLANG_WARN_CONSTANT_CONVERSION = YES;
				CLANG_WARN_DEPRECATED_OBJC_IMPLEMENTATIONS = YES;
				CLANG_WARN_DIRECT_OBJC_ISA_USAGE = YES_ERROR;
				CLANG_WARN_DOCUMENTATION_COMMENTS = YES;
				CLANG_WARN_EMPTY_BODY = YES;
				CLANG_WARN_ENUM_CONVERSION = YES;
				CLANG_WARN_INFINITE_RECURSION = YES;
				CLANG_WARN_INT_CONVERSION = YES;
				CLANG_WARN_NON_LITERAL_NULL_CONVERSION = YES;
				CLANG_WARN_OBJC_IMPLICIT_RETAIN_SELF = YES;
				CLANG_WARN_OBJC_LITERAL_CONVERSION = YES;
				CLANG_WARN_OBJC_ROOT_CLASS = YES_ERROR;
				CLANG_WARN_QUOTED_INCLUDE_IN_FRAMEWORK_HEADER = YES;
				CLANG_WARN_RANGE_LOOP_ANALYSIS = YES;
				CLANG_WARN_STRICT_PROTOTYPES = YES;
				CLANG_WARN_SUSPICIOUS_MOVE = YES;
				CLANG_WARN_UNGUARDED_AVAILABILITY = YES_AGGRESSIVE;
				CLANG_WARN_UNREACHABLE_CODE = YES;
				CLANG_WARN__DUPLICATE_METHOD_MATCH = YES;
				COPY_PHASE_STRIP = NO;
				DEBUG_INFORMATION_FORMAT = dwarf;
				ENABLE_STRICT_OBJC_MSGSEND = YES;
				ENABLE_TESTABILITY = YES;
				GCC_C_LANGUAGE_STANDARD = gnu11;
				GCC_DYNAMIC_NO_PIC = NO;
				GCC_NO_COMMON_BLOCKS = YES;
				GCC_OPTIMIZATION_LEVEL = 0;
				GCC_PREPROCESSOR_DEFINITIONS = (
					"DEBUG=1",
					"$(inherited)",
				);
				GCC_WARN_64_TO_32_BIT_CONVERSION = YES;
				GCC_WARN_ABOUT_RETURN_TYPE = YES_ERROR;
				GCC_WARN_UNDECLARED_SELECTOR = YES;
				GCC_WARN_UNINITIALIZED_AUTOS = YES_AGGRESSIVE;
				GCC_WARN_UNUSED_FUNCTION = YES;
				GCC_WARN_UNUSED_VARIABLE = YES;
				IPHONEOS_DEPLOYMENT_TARGET = 14.2;
				MTL_ENABLE_DEBUG_INFO = INCLUDE_SOURCE;
				MTL_FAST_MATH = YES;
				ONLY_ACTIVE_ARCH = YES;
				SDKROOT = iphoneos;
				SWIFT_ACTIVE_COMPILATION_CONDITIONS = DEBUG;
				SWIFT_OPTIMIZATION_LEVEL = "-Onone";
			};
			name = Debug;
		};
		174429FB2582EF450040F0C2 /* Release */ = {
			isa = XCBuildConfiguration;
			buildSettings = {
				ALWAYS_SEARCH_USER_PATHS = NO;
				CLANG_ANALYZER_NONNULL = YES;
				CLANG_ANALYZER_NUMBER_OBJECT_CONVERSION = YES_AGGRESSIVE;
				CLANG_CXX_LANGUAGE_STANDARD = "gnu++14";
				CLANG_CXX_LIBRARY = "libc++";
				CLANG_ENABLE_MODULES = YES;
				CLANG_ENABLE_OBJC_ARC = YES;
				CLANG_ENABLE_OBJC_WEAK = YES;
				CLANG_WARN_BLOCK_CAPTURE_AUTORELEASING = YES;
				CLANG_WARN_BOOL_CONVERSION = YES;
				CLANG_WARN_COMMA = YES;
				CLANG_WARN_CONSTANT_CONVERSION = YES;
				CLANG_WARN_DEPRECATED_OBJC_IMPLEMENTATIONS = YES;
				CLANG_WARN_DIRECT_OBJC_ISA_USAGE = YES_ERROR;
				CLANG_WARN_DOCUMENTATION_COMMENTS = YES;
				CLANG_WARN_EMPTY_BODY = YES;
				CLANG_WARN_ENUM_CONVERSION = YES;
				CLANG_WARN_INFINITE_RECURSION = YES;
				CLANG_WARN_INT_CONVERSION = YES;
				CLANG_WARN_NON_LITERAL_NULL_CONVERSION = YES;
				CLANG_WARN_OBJC_IMPLICIT_RETAIN_SELF = YES;
				CLANG_WARN_OBJC_LITERAL_CONVERSION = YES;
				CLANG_WARN_OBJC_ROOT_CLASS = YES_ERROR;
				CLANG_WARN_QUOTED_INCLUDE_IN_FRAMEWORK_HEADER = YES;
				CLANG_WARN_RANGE_LOOP_ANALYSIS = YES;
				CLANG_WARN_STRICT_PROTOTYPES = YES;
				CLANG_WARN_SUSPICIOUS_MOVE = YES;
				CLANG_WARN_UNGUARDED_AVAILABILITY = YES_AGGRESSIVE;
				CLANG_WARN_UNREACHABLE_CODE = YES;
				CLANG_WARN__DUPLICATE_METHOD_MATCH = YES;
				COPY_PHASE_STRIP = NO;
				DEBUG_INFORMATION_FORMAT = "dwarf-with-dsym";
				ENABLE_NS_ASSERTIONS = NO;
				ENABLE_STRICT_OBJC_MSGSEND = YES;
				GCC_C_LANGUAGE_STANDARD = gnu11;
				GCC_NO_COMMON_BLOCKS = YES;
				GCC_WARN_64_TO_32_BIT_CONVERSION = YES;
				GCC_WARN_ABOUT_RETURN_TYPE = YES_ERROR;
				GCC_WARN_UNDECLARED_SELECTOR = YES;
				GCC_WARN_UNINITIALIZED_AUTOS = YES_AGGRESSIVE;
				GCC_WARN_UNUSED_FUNCTION = YES;
				GCC_WARN_UNUSED_VARIABLE = YES;
				IPHONEOS_DEPLOYMENT_TARGET = 14.2;
				MTL_ENABLE_DEBUG_INFO = NO;
				MTL_FAST_MATH = YES;
				SDKROOT = iphoneos;
				SWIFT_COMPILATION_MODE = wholemodule;
				SWIFT_OPTIMIZATION_LEVEL = "-O";
				VALIDATE_PRODUCT = YES;
			};
			name = Release;
		};
		174429FD2582EF450040F0C2 /* Debug */ = {
			isa = XCBuildConfiguration;
			baseConfigurationReference = F67EDC22CB8DC81D30BBDC6C /* Pods-WinePairing.debug.xcconfig */;
			buildSettings = {
				ASSETCATALOG_COMPILER_APPICON_NAME = AppIcon;
				ASSETCATALOG_COMPILER_GLOBAL_ACCENT_COLOR_NAME = AccentColor;
				CODE_SIGN_STYLE = Automatic;
				DEVELOPMENT_TEAM = 9554U789HP;
				INFOPLIST_FILE = "WinePairing/Support Files/Info.plist";
				LD_RUNPATH_SEARCH_PATHS = (
					"$(inherited)",
					"@executable_path/Frameworks",
				);
				PRODUCT_BUNDLE_IDENTIFIER = com.jacquealvesb.WinePairing;
				PRODUCT_NAME = "$(TARGET_NAME)";
				SWIFT_VERSION = 5.0;
				TARGETED_DEVICE_FAMILY = "1,2";
			};
			name = Debug;
		};
		174429FE2582EF450040F0C2 /* Release */ = {
			isa = XCBuildConfiguration;
			baseConfigurationReference = 90D842F0B9D6EC617849CF18 /* Pods-WinePairing.release.xcconfig */;
			buildSettings = {
				ASSETCATALOG_COMPILER_APPICON_NAME = AppIcon;
				ASSETCATALOG_COMPILER_GLOBAL_ACCENT_COLOR_NAME = AccentColor;
				CODE_SIGN_STYLE = Automatic;
				DEVELOPMENT_TEAM = 9554U789HP;
				INFOPLIST_FILE = "WinePairing/Support Files/Info.plist";
				LD_RUNPATH_SEARCH_PATHS = (
					"$(inherited)",
					"@executable_path/Frameworks",
				);
				PRODUCT_BUNDLE_IDENTIFIER = com.jacquealvesb.WinePairing;
				PRODUCT_NAME = "$(TARGET_NAME)";
				SWIFT_VERSION = 5.0;
				TARGETED_DEVICE_FAMILY = "1,2";
			};
			name = Release;
		};
/* End XCBuildConfiguration section */

/* Begin XCConfigurationList section */
		174429E32582EF450040F0C2 /* Build configuration list for PBXProject "WinePairing" */ = {
			isa = XCConfigurationList;
			buildConfigurations = (
				174429FA2582EF450040F0C2 /* Debug */,
				174429FB2582EF450040F0C2 /* Release */,
			);
			defaultConfigurationIsVisible = 0;
			defaultConfigurationName = Release;
		};
		174429FC2582EF450040F0C2 /* Build configuration list for PBXNativeTarget "WinePairing" */ = {
			isa = XCConfigurationList;
			buildConfigurations = (
				174429FD2582EF450040F0C2 /* Debug */,
				174429FE2582EF450040F0C2 /* Release */,
			);
			defaultConfigurationIsVisible = 0;
			defaultConfigurationName = Release;
		};
/* End XCConfigurationList section */
	};
	rootObject = 174429E02582EF450040F0C2 /* Project object */;
}
